
Microsoft Visual Studio Solution File, Format Version 12.00
# Visual Studio 14
VisualStudioVersion = 14.0.23107.0
MinimumVisualStudioVersion = 10.0.40219.1
Project("{FAE04EC0-301F-11D3-BF4B-00C04F79EFBC}") = "Phonetics.Metaphone", "Phonetics.Metaphone\Phonetics.Metaphone.csproj", "{AF708EEB-27A6-4D9E-BF33-8B12B3E0F762}"
EndProject
Global
	GlobalSection(SolutionConfigurationPlatforms) = preSolution
		Debug|Any CPU = Debug|Any CPU
		Release|Any CPU = Release|Any CPU
	EndGlobalSection
	GlobalSection(ProjectConfigurationPlatforms) = postSolution
		{AF708EEB-27A6-4D9E-BF33-8B12B3E0F762}.Debug|Any CPU.ActiveCfg = Debug|Any CPU
		{AF708EEB-27A6-4D9E-BF33-8B12B3E0F762}.Debug|Any CPU.Build.0 = Debug|Any CPU
		{AF708EEB-27A6-4D9E-BF33-8B12B3E0F762}.Release|Any CPU.ActiveCfg = Release|Any CPU
		{AF708EEB-27A6-4D9E-BF33-8B12B3E0F762}.Release|Any CPU.Build.0 = Release|Any CPU
	EndGlobalSection
	GlobalSection(SolutionProperties) = preSolution
		HideSolutionNode = FALSE
	EndGlobalSection
EndGlobal
